// !$*UTF8*$!
{
	archiveVersion = 1;
	classes = {
	};
	objectVersion = 50;
	objects = {

/* Begin PBXBuildFile section */
		396A0FA7246F5BCF006C02D9 /* AppDelegate.swift in Sources */ = {isa = PBXBuildFile; fileRef = 396A0FA6246F5BCF006C02D9 /* AppDelegate.swift */; };
		396A0FA9246F5BCF006C02D9 /* SceneDelegate.swift in Sources */ = {isa = PBXBuildFile; fileRef = 396A0FA8246F5BCF006C02D9 /* SceneDelegate.swift */; };
		396A0FAB246F5BCF006C02D9 /* ViewController.swift in Sources */ = {isa = PBXBuildFile; fileRef = 396A0FAA246F5BCF006C02D9 /* ViewController.swift */; };
		396A0FAE246F5BCF006C02D9 /* Main.storyboard in Resources */ = {isa = PBXBuildFile; fileRef = 396A0FAC246F5BCF006C02D9 /* Main.storyboard */; };
		396A0FB0246F5BD6006C02D9 /* Assets.xcassets in Resources */ = {isa = PBXBuildFile; fileRef = 396A0FAF246F5BD6006C02D9 /* Assets.xcassets */; };
		396A0FB3246F5BD6006C02D9 /* LaunchScreen.storyboard in Resources */ = {isa = PBXBuildFile; fileRef = 396A0FB1246F5BD6006C02D9 /* LaunchScreen.storyboard */; };
		396A0FBE246F5BD6006C02D9 /* ScrollingFormTests.swift in Sources */ = {isa = PBXBuildFile; fileRef = 396A0FBD246F5BD6006C02D9 /* ScrollingFormTests.swift */; };
		396A0FC9246F7786006C02D9 /* smiley.png in Resources */ = {isa = PBXBuildFile; fileRef = 396A0FC8246F7786006C02D9 /* smiley.png */; };
		396A0FCB246FA6B2006C02D9 /* StartViewController.swift in Sources */ = {isa = PBXBuildFile; fileRef = 396A0FCA246FA6B2006C02D9 /* StartViewController.swift */; };
/* End PBXBuildFile section */

/* Begin PBXContainerItemProxy section */
		396A0FBA246F5BD6006C02D9 /* PBXContainerItemProxy */ = {
			isa = PBXContainerItemProxy;
			containerPortal = 396A0F9B246F5BCF006C02D9 /* Project object */;
			proxyType = 1;
			remoteGlobalIDString = 396A0FA2246F5BCF006C02D9;
			remoteInfo = ScrollingForm;
		};
/* End PBXContainerItemProxy section */

/* Begin PBXFileReference section */
		396A0FA3246F5BCF006C02D9 /* ScrollingForm.app */ = {isa = PBXFileReference; explicitFileType = wrapper.application; includeInIndex = 0; path = ScrollingForm.app; sourceTree = BUILT_PRODUCTS_DIR; };
		396A0FA6246F5BCF006C02D9 /* AppDelegate.swift */ = {isa = PBXFileReference; lastKnownFileType = sourcecode.swift; path = AppDelegate.swift; sourceTree = "<group>"; };
		396A0FA8246F5BCF006C02D9 /* SceneDelegate.swift */ = {isa = PBXFileReference; lastKnownFileType = sourcecode.swift; path = SceneDelegate.swift; sourceTree = "<group>"; };
		396A0FAA246F5BCF006C02D9 /* ViewController.swift */ = {isa = PBXFileReference; lastKnownFileType = sourcecode.swift; path = ViewController.swift; sourceTree = "<group>"; };
		396A0FAD246F5BCF006C02D9 /* Base */ = {isa = PBXFileReference; lastKnownFileType = file.storyboard; name = Base; path = Base.lproj/Main.storyboard; sourceTree = "<group>"; };
		396A0FAF246F5BD6006C02D9 /* Assets.xcassets */ = {isa = PBXFileReference; lastKnownFileType = folder.assetcatalog; path = Assets.xcassets; sourceTree = "<group>"; };
		396A0FB2246F5BD6006C02D9 /* Base */ = {isa = PBXFileReference; lastKnownFileType = file.storyboard; name = Base; path = Base.lproj/LaunchScreen.storyboard; sourceTree = "<group>"; };
		396A0FB4246F5BD6006C02D9 /* Info.plist */ = {isa = PBXFileReference; lastKnownFileType = text.plist.xml; path = Info.plist; sourceTree = "<group>"; };
		396A0FB9246F5BD6006C02D9 /* ScrollingFormTests.xctest */ = {isa = PBXFileReference; explicitFileType = wrapper.cfbundle; includeInIndex = 0; path = ScrollingFormTests.xctest; sourceTree = BUILT_PRODUCTS_DIR; };
		396A0FBD246F5BD6006C02D9 /* ScrollingFormTests.swift */ = {isa = PBXFileReference; lastKnownFileType = sourcecode.swift; path = ScrollingFormTests.swift; sourceTree = "<group>"; };
		396A0FBF246F5BD6006C02D9 /* Info.plist */ = {isa = PBXFileReference; lastKnownFileType = text.plist.xml; path = Info.plist; sourceTree = "<group>"; };
		396A0FC8246F7786006C02D9 /* smiley.png */ = {isa = PBXFileReference; lastKnownFileType = image.png; path = smiley.png; sourceTree = "<group>"; };
		396A0FCA246FA6B2006C02D9 /* StartViewController.swift */ = {isa = PBXFileReference; lastKnownFileType = sourcecode.swift; path = StartViewController.swift; sourceTree = "<group>"; };
/* End PBXFileReference section */

/* Begin PBXFrameworksBuildPhase section */
		396A0FA0246F5BCF006C02D9 /* Frameworks */ = {
			isa = PBXFrameworksBuildPhase;
			buildActionMask = 2147483647;
			files = (
			);
			runOnlyForDeploymentPostprocessing = 0;
		};
		396A0FB6246F5BD6006C02D9 /* Frameworks */ = {
			isa = PBXFrameworksBuildPhase;
			buildActionMask = 2147483647;
			files = (
			);
			runOnlyForDeploymentPostprocessing = 0;
		};
/* End PBXFrameworksBuildPhase section */

/* Begin PBXGroup section */
		396A0F9A246F5BCF006C02D9 = {
			isa = PBXGroup;
			children = (
				396A0FA5246F5BCF006C02D9 /* ScrollingForm */,
				396A0FBC246F5BD6006C02D9 /* ScrollingFormTests */,
				396A0FA4246F5BCF006C02D9 /* Products */,
			);
			sourceTree = "<group>";
		};
		396A0FA4246F5BCF006C02D9 /* Products */ = {
			isa = PBXGroup;
			children = (
				396A0FA3246F5BCF006C02D9 /* ScrollingForm.app */,
				396A0FB9246F5BD6006C02D9 /* ScrollingFormTests.xctest */,
			);
			name = Products;
			sourceTree = "<group>";
		};
		396A0FA5246F5BCF006C02D9 /* ScrollingForm */ = {
			isa = PBXGroup;
			children = (
				396A0FC8246F7786006C02D9 /* smiley.png */,
				396A0FA6246F5BCF006C02D9 /* AppDelegate.swift */,
				396A0FA8246F5BCF006C02D9 /* SceneDelegate.swift */,
				396A0FAA246F5BCF006C02D9 /* ViewController.swift */,
				396A0FAC246F5BCF006C02D9 /* Main.storyboard */,
				396A0FAF246F5BD6006C02D9 /* Assets.xcassets */,
				396A0FB1246F5BD6006C02D9 /* LaunchScreen.storyboard */,
				396A0FB4246F5BD6006C02D9 /* Info.plist */,
				396A0FCA246FA6B2006C02D9 /* StartViewController.swift */,
			);
			path = ScrollingForm;
			sourceTree = "<group>";
		};
		396A0FBC246F5BD6006C02D9 /* ScrollingFormTests */ = {
			isa = PBXGroup;
			children = (
				396A0FBD246F5BD6006C02D9 /* ScrollingFormTests.swift */,
				396A0FBF246F5BD6006C02D9 /* Info.plist */,
			);
			path = ScrollingFormTests;
			sourceTree = "<group>";
		};
/* End PBXGroup section */

/* Begin PBXNativeTarget section */
		396A0FA2246F5BCF006C02D9 /* ScrollingForm */ = {
			isa = PBXNativeTarget;
			buildConfigurationList = 396A0FC2246F5BD6006C02D9 /* Build configuration list for PBXNativeTarget "ScrollingForm" */;
			buildPhases = (
				396A0F9F246F5BCF006C02D9 /* Sources */,
				396A0FA0246F5BCF006C02D9 /* Frameworks */,
				396A0FA1246F5BCF006C02D9 /* Resources */,
			);
			buildRules = (
			);
			dependencies = (
			);
			name = ScrollingForm;
			productName = ScrollingForm;
			productReference = 396A0FA3246F5BCF006C02D9 /* ScrollingForm.app */;
			productType = "com.apple.product-type.application";
		};
		396A0FB8246F5BD6006C02D9 /* ScrollingFormTests */ = {
			isa = PBXNativeTarget;
			buildConfigurationList = 396A0FC5246F5BD6006C02D9 /* Build configuration list for PBXNativeTarget "ScrollingFormTests" */;
			buildPhases = (
				396A0FB5246F5BD6006C02D9 /* Sources */,
				396A0FB6246F5BD6006C02D9 /* Frameworks */,
				396A0FB7246F5BD6006C02D9 /* Resources */,
			);
			buildRules = (
			);
			dependencies = (
				396A0FBB246F5BD6006C02D9 /* PBXTargetDependency */,
			);
			name = ScrollingFormTests;
			productName = ScrollingFormTests;
			productReference = 396A0FB9246F5BD6006C02D9 /* ScrollingFormTests.xctest */;
			productType = "com.apple.product-type.bundle.unit-test";
		};
/* End PBXNativeTarget section */

/* Begin PBXProject section */
		396A0F9B246F5BCF006C02D9 /* Project object */ = {
			isa = PBXProject;
			attributes = {
				LastSwiftUpdateCheck = 1140;
				LastUpgradeCheck = 1140;
				ORGANIZATIONNAME = Quobject;
				TargetAttributes = {
					396A0FA2246F5BCF006C02D9 = {
						CreatedOnToolsVersion = 11.4.1;
					};
					396A0FB8246F5BD6006C02D9 = {
						CreatedOnToolsVersion = 11.4.1;
						TestTargetID = 396A0FA2246F5BCF006C02D9;
					};
				};
			};
			buildConfigurationList = 396A0F9E246F5BCF006C02D9 /* Build configuration list for PBXProject "ScrollingForm" */;
			compatibilityVersion = "Xcode 9.3";
			developmentRegion = en;
			hasScannedForEncodings = 0;
			knownRegions = (
				en,
				Base,
			);
			mainGroup = 396A0F9A246F5BCF006C02D9;
			productRefGroup = 396A0FA4246F5BCF006C02D9 /* Products */;
			projectDirPath = "";
			projectRoot = "";
			targets = (
				396A0FA2246F5BCF006C02D9 /* ScrollingForm */,
				396A0FB8246F5BD6006C02D9 /* ScrollingFormTests */,
			);
		};
/* End PBXProject section */

/* Begin PBXResourcesBuildPhase section */
		396A0FA1246F5BCF006C02D9 /* Resources */ = {
			isa = PBXResourcesBuildPhase;
			buildActionMask = 2147483647;
			files = (
				396A0FC9246F7786006C02D9 /* smiley.png in Resources */,
				396A0FB3246F5BD6006C02D9 /* LaunchScreen.storyboard in Resources */,
				396A0FB0246F5BD6006C02D9 /* Assets.xcassets in Resources */,
				396A0FAE246F5BCF006C02D9 /* Main.storyboard in Resources */,
			);
			runOnlyForDeploymentPostprocessing = 0;
		};
		396A0FB7246F5BD6006C02D9 /* Resources */ = {
			isa = PBXResourcesBuildPhase;
			buildActionMask = 2147483647;
			files = (
			);
			runOnlyForDeploymentPostprocessing = 0;
		};
/* End PBXResourcesBuildPhase section */

/* Begin PBXSourcesBuildPhase section */
		396A0F9F246F5BCF006C02D9 /* Sources */ = {
			isa = PBXSourcesBuildPhase;
			buildActionMask = 2147483647;
			files = (
				396A0FAB246F5BCF006C02D9 /* ViewController.swift in Sources */,
				396A0FCB246FA6B2006C02D9 /* StartViewController.swift in Sources */,
				396A0FA7246F5BCF006C02D9 /* AppDelegate.swift in Sources */,
				396A0FA9246F5BCF006C02D9 /* SceneDelegate.swift in Sources */,
			);
			runOnlyForDeploymentPostprocessing = 0;
		};
		396A0FB5246F5BD6006C02D9 /* Sources */ = {
			isa = PBXSourcesBuildPhase;
			buildActionMask = 2147483647;
			files = (
				396A0FBE246F5BD6006C02D9 /* ScrollingFormTests.swift in Sources */,
			);
			runOnlyForDeploymentPostprocessing = 0;
		};
/* End PBXSourcesBuildPhase section */

/* Begin PBXTargetDependency section */
		396A0FBB246F5BD6006C02D9 /* PBXTargetDependency */ = {
			isa = PBXTargetDependency;
			target = 396A0FA2246F5BCF006C02D9 /* ScrollingForm */;
			targetProxy = 396A0FBA246F5BD6006C02D9 /* PBXContainerItemProxy */;
		};
/* End PBXTargetDependency section */

/* Begin PBXVariantGroup section */
		396A0FAC246F5BCF006C02D9 /* Main.storyboard */ = {
			isa = PBXVariantGroup;
			children = (
				396A0FAD246F5BCF006C02D9 /* Base */,
			);
			name = Main.storyboard;
			sourceTree = "<group>";
		};
		396A0FB1246F5BD6006C02D9 /* LaunchScreen.storyboard */ = {
			isa = PBXVariantGroup;
			children = (
				396A0FB2246F5BD6006C02D9 /* Base */,
			);
			name = LaunchScreen.storyboard;
			sourceTree = "<group>";
		};
/* End PBXVariantGroup section */

/* Begin XCBuildConfiguration section */
		396A0FC0246F5BD6006C02D9 /* Debug */ = {
			isa = XCBuildConfiguration;
			buildSettings = {
				ALWAYS_SEARCH_USER_PATHS = NO;
				CLANG_ANALYZER_NONNULL = YES;
				CLANG_ANALYZER_NUMBER_OBJECT_CONVERSION = YES_AGGRESSIVE;
				CLANG_CXX_LANGUAGE_STANDARD = "gnu++14";
				CLANG_CXX_LIBRARY = "libc++";
				CLANG_ENABLE_MODULES = YES;
				CLANG_ENABLE_OBJC_ARC = YES;
				CLANG_ENABLE_OBJC_WEAK = YES;
				CLANG_WARN_BLOCK_CAPTURE_AUTORELEASING = YES;
				CLANG_WARN_BOOL_CONVERSION = YES;
				CLANG_WARN_COMMA = YES;
				CLANG_WARN_CONSTANT_CONVERSION = YES;
				CLANG_WARN_DEPRECATED_OBJC_IMPLEMENTATIONS = YES;
				CLANG_WARN_DIRECT_OBJC_ISA_USAGE = YES_ERROR;
				CLANG_WARN_DOCUMENTATION_COMMENTS = YES;
				CLANG_WARN_EMPTY_BODY = YES;
				CLANG_WARN_ENUM_CONVERSION = YES;
				CLANG_WARN_INFINITE_RECURSION = YES;
				CLANG_WARN_INT_CONVERSION = YES;
				CLANG_WARN_NON_LITERAL_NULL_CONVERSION = YES;
				CLANG_WARN_OBJC_IMPLICIT_RETAIN_SELF = YES;
				CLANG_WARN_OBJC_LITERAL_CONVERSION = YES;
				CLANG_WARN_OBJC_ROOT_CLASS = YES_ERROR;
				CLANG_WARN_RANGE_LOOP_ANALYSIS = YES;
				CLANG_WARN_STRICT_PROTOTYPES = YES;
				CLANG_WARN_SUSPICIOUS_MOVE = YES;
				CLANG_WARN_UNGUARDED_AVAILABILITY = YES_AGGRESSIVE;
				CLANG_WARN_UNREACHABLE_CODE = YES;
				CLANG_WARN__DUPLICATE_METHOD_MATCH = YES;
				COPY_PHASE_STRIP = NO;
				DEBUG_INFORMATION_FORMAT = dwarf;
				ENABLE_STRICT_OBJC_MSGSEND = YES;
				ENABLE_TESTABILITY = YES;
				GCC_C_LANGUAGE_STANDARD = gnu11;
				GCC_DYNAMIC_NO_PIC = NO;
				GCC_NO_COMMON_BLOCKS = YES;
				GCC_OPTIMIZATION_LEVEL = 0;
				GCC_PREPROCESSOR_DEFINITIONS = (
					"DEBUG=1",
					"$(inherited)",
				);
				GCC_WARN_64_TO_32_BIT_CONVERSION = YES;
				GCC_WARN_ABOUT_RETURN_TYPE = YES_ERROR;
				GCC_WARN_UNDECLARED_SELECTOR = YES;
				GCC_WARN_UNINITIALIZED_AUTOS = YES_AGGRESSIVE;
				GCC_WARN_UNUSED_FUNCTION = YES;
				GCC_WARN_UNUSED_VARIABLE = YES;
				IPHONEOS_DEPLOYMENT_TARGET = 13.4;
				MTL_ENABLE_DEBUG_INFO = INCLUDE_SOURCE;
				MTL_FAST_MATH = YES;
				ONLY_ACTIVE_ARCH = YES;
				SDKROOT = iphoneos;
				SWIFT_ACTIVE_COMPILATION_CONDITIONS = DEBUG;
				SWIFT_OPTIMIZATION_LEVEL = "-Onone";
			};
			name = Debug;
		};
		396A0FC1246F5BD6006C02D9 /* Release */ = {
			isa = XCBuildConfiguration;
			buildSettings = {
				ALWAYS_SEARCH_USER_PATHS = NO;
				CLANG_ANALYZER_NONNULL = YES;
				CLANG_ANALYZER_NUMBER_OBJECT_CONVERSION = YES_AGGRESSIVE;
				CLANG_CXX_LANGUAGE_STANDARD = "gnu++14";
				CLANG_CXX_LIBRARY = "libc++";
				CLANG_ENABLE_MODULES = YES;
				CLANG_ENABLE_OBJC_ARC = YES;
				CLANG_ENABLE_OBJC_WEAK = YES;
				CLANG_WARN_BLOCK_CAPTURE_AUTORELEASING = YES;
				CLANG_WARN_BOOL_CONVERSION = YES;
				CLANG_WARN_COMMA = YES;
				CLANG_WARN_CONSTANT_CONVERSION = YES;
				CLANG_WARN_DEPRECATED_OBJC_IMPLEMENTATIONS = YES;
				CLANG_WARN_DIRECT_OBJC_ISA_USAGE = YES_ERROR;
				CLANG_WARN_DOCUMENTATION_COMMENTS = YES;
				CLANG_WARN_EMPTY_BODY = YES;
				CLANG_WARN_ENUM_CONVERSION = YES;
				CLANG_WARN_INFINITE_RECURSION = YES;
				CLANG_WARN_INT_CONVERSION = YES;
				CLANG_WARN_NON_LITERAL_NULL_CONVERSION = YES;
				CLANG_WARN_OBJC_IMPLICIT_RETAIN_SELF = YES;
				CLANG_WARN_OBJC_LITERAL_CONVERSION = YES;
				CLANG_WARN_OBJC_ROOT_CLASS = YES_ERROR;
				CLANG_WARN_RANGE_LOOP_ANALYSIS = YES;
				CLANG_WARN_STRICT_PROTOTYPES = YES;
				CLANG_WARN_SUSPICIOUS_MOVE = YES;
				CLANG_WARN_UNGUARDED_AVAILABILITY = YES_AGGRESSIVE;
				CLANG_WARN_UNREACHABLE_CODE = YES;
				CLANG_WARN__DUPLICATE_METHOD_MATCH = YES;
				COPY_PHASE_STRIP = NO;
				DEBUG_INFORMATION_FORMAT = "dwarf-with-dsym";
				ENABLE_NS_ASSERTIONS = NO;
				ENABLE_STRICT_OBJC_MSGSEND = YES;
				GCC_C_LANGUAGE_STANDARD = gnu11;
				GCC_NO_COMMON_BLOCKS = YES;
				GCC_WARN_64_TO_32_BIT_CONVERSION = YES;
				GCC_WARN_ABOUT_RETURN_TYPE = YES_ERROR;
				GCC_WARN_UNDECLARED_SELECTOR = YES;
				GCC_WARN_UNINITIALIZED_AUTOS = YES_AGGRESSIVE;
				GCC_WARN_UNUSED_FUNCTION = YES;
				GCC_WARN_UNUSED_VARIABLE = YES;
				IPHONEOS_DEPLOYMENT_TARGET = 13.4;
				MTL_ENABLE_DEBUG_INFO = NO;
				MTL_FAST_MATH = YES;
				SDKROOT = iphoneos;
				SWIFT_COMPILATION_MODE = wholemodule;
				SWIFT_OPTIMIZATION_LEVEL = "-O";
				VALIDATE_PRODUCT = YES;
			};
			name = Release;
		};
		396A0FC3246F5BD6006C02D9 /* Debug */ = {
			isa = XCBuildConfiguration;
			buildSettings = {
				ASSETCATALOG_COMPILER_APPICON_NAME = AppIcon;
				CODE_SIGN_STYLE = Automatic;
				DEVELOPMENT_TEAM = 8LVSJ5AN9H;
				INFOPLIST_FILE = ScrollingForm/Info.plist;
				LD_RUNPATH_SEARCH_PATHS = (
					"$(inherited)",
					"@executable_path/Frameworks",
				);
				PRODUCT_BUNDLE_IDENTIFIER = com.quobject.mobile.ios.ScrollingForm;
				PRODUCT_NAME = "$(TARGET_NAME)";
				SWIFT_VERSION = 5.0;
				TARGETED_DEVICE_FAMILY = "1,2";
			};
			name = Debug;
		};
		396A0FC4246F5BD6006C02D9 /* Release */ = {
			isa = XCBuildConfiguration;
			buildSettings = {
				ASSETCATALOG_COMPILER_APPICON_NAME = AppIcon;
				CODE_SIGN_STYLE = Automatic;
				DEVELOPMENT_TEAM = 8LVSJ5AN9H;
				INFOPLIST_FILE = ScrollingForm/Info.plist;
				LD_RUNPATH_SEARCH_PATHS = (
					"$(inherited)",
					"@executable_path/Frameworks",
				);
				PRODUCT_BUNDLE_IDENTIFIER = com.quobject.mobile.ios.ScrollingForm;
				PRODUCT_NAME = "$(TARGET_NAME)";
				SWIFT_VERSION = 5.0;
				TARGETED_DEVICE_FAMILY = "1,2";
			};
			name = Release;
		};
		396A0FC6246F5BD6006C02D9 /* Debug */ = {
			isa = XCBuildConfiguration;
			buildSettings = {
				ALWAYS_EMBED_SWIFT_STANDARD_LIBRARIES = YES;
				BUNDLE_LOADER = "$(TEST_HOST)";
				CODE_SIGN_STYLE = Automatic;
				DEVELOPMENT_TEAM = 8LVSJ5AN9H;
				INFOPLIST_FILE = ScrollingFormTests/Info.plist;
				IPHONEOS_DEPLOYMENT_TARGET = 13.4;
				LD_RUNPATH_SEARCH_PATHS = (
					"$(inherited)",
					"@executable_path/Frameworks",
					"@loader_path/Frameworks",
				);
				PRODUCT_BUNDLE_IDENTIFIER = com.quobject.mobile.ios.ScrollingFormTests;
				PRODUCT_NAME = "$(TARGET_NAME)";
				SWIFT_VERSION = 5.0;
				TARGETED_DEVICE_FAMILY = "1,2";
				TEST_HOST = "$(BUILT_PRODUCTS_DIR)/ScrollingForm.app/ScrollingForm";
			};
			name = Debug;
		};
		396A0FC7246F5BD6006C02D9 /* Release */ = {
			isa = XCBuildConfiguration;
			buildSettings = {
				ALWAYS_EMBED_SWIFT_STANDARD_LIBRARIES = YES;
				BUNDLE_LOADER = "$(TEST_HOST)";
				CODE_SIGN_STYLE = Automatic;
				DEVELOPMENT_TEAM = 8LVSJ5AN9H;
				INFOPLIST_FILE = ScrollingFormTests/Info.plist;
				IPHONEOS_DEPLOYMENT_TARGET = 13.4;
				LD_RUNPATH_SEARCH_PATHS = (
					"$(inherited)",
					"@executable_path/Frameworks",
					"@loader_path/Frameworks",
				);
				PRODUCT_BUNDLE_IDENTIFIER = com.quobject.mobile.ios.ScrollingFormTests;
				PRODUCT_NAME = "$(TARGET_NAME)";
				SWIFT_VERSION = 5.0;
				TARGETED_DEVICE_FAMILY = "1,2";
				TEST_HOST = "$(BUILT_PRODUCTS_DIR)/ScrollingForm.app/ScrollingForm";
			};
			name = Release;
		};
/* End XCBuildConfiguration section */

/* Begin XCConfigurationList section */
		396A0F9E246F5BCF006C02D9 /* Build configuration list for PBXProject "ScrollingForm" */ = {
			isa = XCConfigurationList;
			buildConfigurations = (
				396A0FC0246F5BD6006C02D9 /* Debug */,
				396A0FC1246F5BD6006C02D9 /* Release */,
			);
			defaultConfigurationIsVisible = 0;
			defaultConfigurationName = Release;
		};
		396A0FC2246F5BD6006C02D9 /* Build configuration list for PBXNativeTarget "ScrollingForm" */ = {
			isa = XCConfigurationList;
			buildConfigurations = (
				396A0FC3246F5BD6006C02D9 /* Debug */,
				396A0FC4246F5BD6006C02D9 /* Release */,
			);
			defaultConfigurationIsVisible = 0;
			defaultConfigurationName = Release;
		};
		396A0FC5246F5BD6006C02D9 /* Build configuration list for PBXNativeTarget "ScrollingFormTests" */ = {
			isa = XCConfigurationList;
			buildConfigurations = (
				396A0FC6246F5BD6006C02D9 /* Debug */,
				396A0FC7246F5BD6006C02D9 /* Release */,
			);
			defaultConfigurationIsVisible = 0;
			defaultConfigurationName = Release;
		};
/* End XCConfigurationList section */
	};
	rootObject = 396A0F9B246F5BCF006C02D9 /* Project object */;
}
